// !$*UTF8*$!
{
	archiveVersion = 1;
	classes = {
	};
	objectVersion = 55;
	objects = {

/* Begin PBXBuildFile section */
		45486B5427ADAF670043BF87 /* Film.swift in Sources */ = {isa = PBXBuildFile; fileRef = 45486B5327ADAF670043BF87 /* Film.swift */; };
		45486B5627ADAF980043BF87 /* Auteurs.swift in Sources */ = {isa = PBXBuildFile; fileRef = 45486B5527ADAF980043BF87 /* Auteurs.swift */; };
		45486B5827ADAFCC0043BF87 /* auteurs.json in Resources */ = {isa = PBXBuildFile; fileRef = 45486B5727ADAFCC0043BF87 /* auteurs.json */; };
		455C4A0427AB0F2500B261E8 /* AppDelegate.swift in Sources */ = {isa = PBXBuildFile; fileRef = 455C4A0327AB0F2500B261E8 /* AppDelegate.swift */; };
		455C4A0627AB0F2500B261E8 /* SceneDelegate.swift in Sources */ = {isa = PBXBuildFile; fileRef = 455C4A0527AB0F2500B261E8 /* SceneDelegate.swift */; };
		455C4A0827AB0F2500B261E8 /* ViewController.swift in Sources */ = {isa = PBXBuildFile; fileRef = 455C4A0727AB0F2500B261E8 /* ViewController.swift */; };
		455C4A0B27AB0F2500B261E8 /* Main.storyboard in Resources */ = {isa = PBXBuildFile; fileRef = 455C4A0927AB0F2500B261E8 /* Main.storyboard */; };
		455C4A0D27AB0F2600B261E8 /* Assets.xcassets in Resources */ = {isa = PBXBuildFile; fileRef = 455C4A0C27AB0F2600B261E8 /* Assets.xcassets */; };
		455C4A1027AB0F2600B261E8 /* LaunchScreen.storyboard in Resources */ = {isa = PBXBuildFile; fileRef = 455C4A0E27AB0F2600B261E8 /* LaunchScreen.storyboard */; };
/* End PBXBuildFile section */

/* Begin PBXFileReference section */
		45486B5327ADAF670043BF87 /* Film.swift */ = {isa = PBXFileReference; lastKnownFileType = sourcecode.swift; path = Film.swift; sourceTree = "<group>"; };
		45486B5527ADAF980043BF87 /* Auteurs.swift */ = {isa = PBXFileReference; lastKnownFileType = sourcecode.swift; path = Auteurs.swift; sourceTree = "<group>"; };
		45486B5727ADAFCC0043BF87 /* auteurs.json */ = {isa = PBXFileReference; fileEncoding = 4; lastKnownFileType = text.json; path = auteurs.json; sourceTree = "<group>"; };
		455C4A0027AB0F2500B261E8 /* SelfSizingTableViewCells.app */ = {isa = PBXFileReference; explicitFileType = wrapper.application; includeInIndex = 0; path = SelfSizingTableViewCells.app; sourceTree = BUILT_PRODUCTS_DIR; };
		455C4A0327AB0F2500B261E8 /* AppDelegate.swift */ = {isa = PBXFileReference; lastKnownFileType = sourcecode.swift; path = AppDelegate.swift; sourceTree = "<group>"; };
		455C4A0527AB0F2500B261E8 /* SceneDelegate.swift */ = {isa = PBXFileReference; lastKnownFileType = sourcecode.swift; path = SceneDelegate.swift; sourceTree = "<group>"; };
		455C4A0727AB0F2500B261E8 /* ViewController.swift */ = {isa = PBXFileReference; lastKnownFileType = sourcecode.swift; path = ViewController.swift; sourceTree = "<group>"; };
		455C4A0A27AB0F2500B261E8 /* Base */ = {isa = PBXFileReference; lastKnownFileType = file.storyboard; name = Base; path = Base.lproj/Main.storyboard; sourceTree = "<group>"; };
		455C4A0C27AB0F2600B261E8 /* Assets.xcassets */ = {isa = PBXFileReference; lastKnownFileType = folder.assetcatalog; path = Assets.xcassets; sourceTree = "<group>"; };
		455C4A0F27AB0F2600B261E8 /* Base */ = {isa = PBXFileReference; lastKnownFileType = file.storyboard; name = Base; path = Base.lproj/LaunchScreen.storyboard; sourceTree = "<group>"; };
		455C4A1127AB0F2600B261E8 /* Info.plist */ = {isa = PBXFileReference; lastKnownFileType = text.plist.xml; path = Info.plist; sourceTree = "<group>"; };
/* End PBXFileReference section */

/* Begin PBXFrameworksBuildPhase section */
		455C49FD27AB0F2500B261E8 /* Frameworks */ = {
			isa = PBXFrameworksBuildPhase;
			buildActionMask = 2147483647;
			files = (
			);
			runOnlyForDeploymentPostprocessing = 0;
		};
/* End PBXFrameworksBuildPhase section */

/* Begin PBXGroup section */
		450D614E27AC70BA007AEF86 /* App */ = {
			isa = PBXGroup;
			children = (
				455C4A0327AB0F2500B261E8 /* AppDelegate.swift */,
				455C4A0527AB0F2500B261E8 /* SceneDelegate.swift */,
			);
			path = App;
			sourceTree = "<group>";
		};
		450D614F27AC70CD007AEF86 /* Resources */ = {
			isa = PBXGroup;
			children = (
				45486B5727ADAFCC0043BF87 /* auteurs.json */,
				455C4A0C27AB0F2600B261E8 /* Assets.xcassets */,
				455C4A0E27AB0F2600B261E8 /* LaunchScreen.storyboard */,
				455C4A1127AB0F2600B261E8 /* Info.plist */,
			);
			path = Resources;
			sourceTree = "<group>";
		};
		450D615027AC70FD007AEF86 /* Views */ = {
			isa = PBXGroup;
			children = (
				455C4A0927AB0F2500B261E8 /* Main.storyboard */,
			);
			path = Views;
			sourceTree = "<group>";
		};
		450D615127AC7105007AEF86 /* Controllers */ = {
			isa = PBXGroup;
			children = (
				455C4A0727AB0F2500B261E8 /* ViewController.swift */,
			);
			path = Controllers;
			sourceTree = "<group>";
		};
		45486B5227ADAF470043BF87 /* Models */ = {
			isa = PBXGroup;
			children = (
				45486B5327ADAF670043BF87 /* Film.swift */,
				45486B5527ADAF980043BF87 /* Auteurs.swift */,
			);
			path = Models;
			sourceTree = "<group>";
		};
		455C49F727AB0F2500B261E8 = {
			isa = PBXGroup;
			children = (
				455C4A0227AB0F2500B261E8 /* SelfSizingTableViewCells */,
				455C4A0127AB0F2500B261E8 /* Products */,
			);
			sourceTree = "<group>";
		};
		455C4A0127AB0F2500B261E8 /* Products */ = {
			isa = PBXGroup;
			children = (
				455C4A0027AB0F2500B261E8 /* SelfSizingTableViewCells.app */,
			);
			name = Products;
			sourceTree = "<group>";
		};
		455C4A0227AB0F2500B261E8 /* SelfSizingTableViewCells */ = {
			isa = PBXGroup;
			children = (
				45486B5227ADAF470043BF87 /* Models */,
				450D614E27AC70BA007AEF86 /* App */,
				450D615127AC7105007AEF86 /* Controllers */,
				450D615027AC70FD007AEF86 /* Views */,
				450D614F27AC70CD007AEF86 /* Resources */,
			);
			path = SelfSizingTableViewCells;
			sourceTree = "<group>";
		};
/* End PBXGroup section */

/* Begin PBXNativeTarget section */
		455C49FF27AB0F2500B261E8 /* SelfSizingTableViewCells */ = {
			isa = PBXNativeTarget;
			buildConfigurationList = 455C4A1427AB0F2600B261E8 /* Build configuration list for PBXNativeTarget "SelfSizingTableViewCells" */;
			buildPhases = (
				455C49FC27AB0F2500B261E8 /* Sources */,
				455C49FD27AB0F2500B261E8 /* Frameworks */,
				455C49FE27AB0F2500B261E8 /* Resources */,
			);
			buildRules = (
			);
			dependencies = (
			);
			name = SelfSizingTableViewCells;
			productName = SelfSizingTableViewCells;
			productReference = 455C4A0027AB0F2500B261E8 /* SelfSizingTableViewCells.app */;
			productType = "com.apple.product-type.application";
		};
/* End PBXNativeTarget section */

/* Begin PBXProject section */
		455C49F827AB0F2500B261E8 /* Project object */ = {
			isa = PBXProject;
			attributes = {
				BuildIndependentTargetsInParallel = 1;
				LastSwiftUpdateCheck = 1300;
				LastUpgradeCheck = 1300;
				TargetAttributes = {
					455C49FF27AB0F2500B261E8 = {
						CreatedOnToolsVersion = 13.0;
					};
				};
			};
			buildConfigurationList = 455C49FB27AB0F2500B261E8 /* Build configuration list for PBXProject "SelfSizingTableViewCells" */;
			compatibilityVersion = "Xcode 13.0";
			developmentRegion = en;
			hasScannedForEncodings = 0;
			knownRegions = (
				en,
				Base,
			);
			mainGroup = 455C49F727AB0F2500B261E8;
			productRefGroup = 455C4A0127AB0F2500B261E8 /* Products */;
			projectDirPath = "";
			projectRoot = "";
			targets = (
				455C49FF27AB0F2500B261E8 /* SelfSizingTableViewCells */,
			);
		};
/* End PBXProject section */

/* Begin PBXResourcesBuildPhase section */
		455C49FE27AB0F2500B261E8 /* Resources */ = {
			isa = PBXResourcesBuildPhase;
			buildActionMask = 2147483647;
			files = (
				455C4A1027AB0F2600B261E8 /* LaunchScreen.storyboard in Resources */,
				45486B5827ADAFCC0043BF87 /* auteurs.json in Resources */,
				455C4A0D27AB0F2600B261E8 /* Assets.xcassets in Resources */,
				455C4A0B27AB0F2500B261E8 /* Main.storyboard in Resources */,
			);
			runOnlyForDeploymentPostprocessing = 0;
		};
/* End PBXResourcesBuildPhase section */

/* Begin PBXSourcesBuildPhase section */
		455C49FC27AB0F2500B261E8 /* Sources */ = {
			isa = PBXSourcesBuildPhase;
			buildActionMask = 2147483647;
			files = (
				455C4A0827AB0F2500B261E8 /* ViewController.swift in Sources */,
				45486B5427ADAF670043BF87 /* Film.swift in Sources */,
				455C4A0427AB0F2500B261E8 /* AppDelegate.swift in Sources */,
				45486B5627ADAF980043BF87 /* Auteurs.swift in Sources */,
				455C4A0627AB0F2500B261E8 /* SceneDelegate.swift in Sources */,
			);
			runOnlyForDeploymentPostprocessing = 0;
		};
/* End PBXSourcesBuildPhase section */

/* Begin PBXVariantGroup section */
		455C4A0927AB0F2500B261E8 /* Main.storyboard */ = {
			isa = PBXVariantGroup;
			children = (
				455C4A0A27AB0F2500B261E8 /* Base */,
			);
			name = Main.storyboard;
			sourceTree = "<group>";
		};
		455C4A0E27AB0F2600B261E8 /* LaunchScreen.storyboard */ = {
			isa = PBXVariantGroup;
			children = (
				455C4A0F27AB0F2600B261E8 /* Base */,
			);
			name = LaunchScreen.storyboard;
			sourceTree = "<group>";
		};
/* End PBXVariantGroup section */

/* Begin XCBuildConfiguration section */
		455C4A1227AB0F2600B261E8 /* Debug */ = {
			isa = XCBuildConfiguration;
			buildSettings = {
				ALWAYS_SEARCH_USER_PATHS = NO;
				CLANG_ANALYZER_NONNULL = YES;
				CLANG_ANALYZER_NUMBER_OBJECT_CONVERSION = YES_AGGRESSIVE;
				CLANG_CXX_LANGUAGE_STANDARD = "gnu++17";
				CLANG_CXX_LIBRARY = "libc++";
				CLANG_ENABLE_MODULES = YES;
				CLANG_ENABLE_OBJC_ARC = YES;
				CLANG_ENABLE_OBJC_WEAK = YES;
				CLANG_WARN_BLOCK_CAPTURE_AUTORELEASING = YES;
				CLANG_WARN_BOOL_CONVERSION = YES;
				CLANG_WARN_COMMA = YES;
				CLANG_WARN_CONSTANT_CONVERSION = YES;
				CLANG_WARN_DEPRECATED_OBJC_IMPLEMENTATIONS = YES;
				CLANG_WARN_DIRECT_OBJC_ISA_USAGE = YES_ERROR;
				CLANG_WARN_DOCUMENTATION_COMMENTS = YES;
				CLANG_WARN_EMPTY_BODY = YES;
				CLANG_WARN_ENUM_CONVERSION = YES;
				CLANG_WARN_INFINITE_RECURSION = YES;
				CLANG_WARN_INT_CONVERSION = YES;
				CLANG_WARN_NON_LITERAL_NULL_CONVERSION = YES;
				CLANG_WARN_OBJC_IMPLICIT_RETAIN_SELF = YES;
				CLANG_WARN_OBJC_LITERAL_CONVERSION = YES;
				CLANG_WARN_OBJC_ROOT_CLASS = YES_ERROR;
				CLANG_WARN_QUOTED_INCLUDE_IN_FRAMEWORK_HEADER = YES;
				CLANG_WARN_RANGE_LOOP_ANALYSIS = YES;
				CLANG_WARN_STRICT_PROTOTYPES = YES;
				CLANG_WARN_SUSPICIOUS_MOVE = YES;
				CLANG_WARN_UNGUARDED_AVAILABILITY = YES_AGGRESSIVE;
				CLANG_WARN_UNREACHABLE_CODE = YES;
				CLANG_WARN__DUPLICATE_METHOD_MATCH = YES;
				COPY_PHASE_STRIP = NO;
				DEBUG_INFORMATION_FORMAT = dwarf;
				ENABLE_STRICT_OBJC_MSGSEND = YES;
				ENABLE_TESTABILITY = YES;
				GCC_C_LANGUAGE_STANDARD = gnu11;
				GCC_DYNAMIC_NO_PIC = NO;
				GCC_NO_COMMON_BLOCKS = YES;
				GCC_OPTIMIZATION_LEVEL = 0;
				GCC_PREPROCESSOR_DEFINITIONS = (
					"DEBUG=1",
					"$(inherited)",
				);
				GCC_WARN_64_TO_32_BIT_CONVERSION = YES;
				GCC_WARN_ABOUT_RETURN_TYPE = YES_ERROR;
				GCC_WARN_UNDECLARED_SELECTOR = YES;
				GCC_WARN_UNINITIALIZED_AUTOS = YES_AGGRESSIVE;
				GCC_WARN_UNUSED_FUNCTION = YES;
				GCC_WARN_UNUSED_VARIABLE = YES;
				IPHONEOS_DEPLOYMENT_TARGET = 15.0;
				MTL_ENABLE_DEBUG_INFO = INCLUDE_SOURCE;
				MTL_FAST_MATH = YES;
				ONLY_ACTIVE_ARCH = YES;
				SDKROOT = iphoneos;
				SWIFT_ACTIVE_COMPILATION_CONDITIONS = DEBUG;
				SWIFT_OPTIMIZATION_LEVEL = "-Onone";
			};
			name = Debug;
		};
		455C4A1327AB0F2600B261E8 /* Release */ = {
			isa = XCBuildConfiguration;
			buildSettings = {
				ALWAYS_SEARCH_USER_PATHS = NO;
				CLANG_ANALYZER_NONNULL = YES;
				CLANG_ANALYZER_NUMBER_OBJECT_CONVERSION = YES_AGGRESSIVE;
				CLANG_CXX_LANGUAGE_STANDARD = "gnu++17";
				CLANG_CXX_LIBRARY = "libc++";
				CLANG_ENABLE_MODULES = YES;
				CLANG_ENABLE_OBJC_ARC = YES;
				CLANG_ENABLE_OBJC_WEAK = YES;
				CLANG_WARN_BLOCK_CAPTURE_AUTORELEASING = YES;
				CLANG_WARN_BOOL_CONVERSION = YES;
				CLANG_WARN_COMMA = YES;
				CLANG_WARN_CONSTANT_CONVERSION = YES;
				CLANG_WARN_DEPRECATED_OBJC_IMPLEMENTATIONS = YES;
				CLANG_WARN_DIRECT_OBJC_ISA_USAGE = YES_ERROR;
				CLANG_WARN_DOCUMENTATION_COMMENTS = YES;
				CLANG_WARN_EMPTY_BODY = YES;
				CLANG_WARN_ENUM_CONVERSION = YES;
				CLANG_WARN_INFINITE_RECURSION = YES;
				CLANG_WARN_INT_CONVERSION = YES;
				CLANG_WARN_NON_LITERAL_NULL_CONVERSION = YES;
				CLANG_WARN_OBJC_IMPLICIT_RETAIN_SELF = YES;
				CLANG_WARN_OBJC_LITERAL_CONVERSION = YES;
				CLANG_WARN_OBJC_ROOT_CLASS = YES_ERROR;
				CLANG_WARN_QUOTED_INCLUDE_IN_FRAMEWORK_HEADER = YES;
				CLANG_WARN_RANGE_LOOP_ANALYSIS = YES;
				CLANG_WARN_STRICT_PROTOTYPES = YES;
				CLANG_WARN_SUSPICIOUS_MOVE = YES;
				CLANG_WARN_UNGUARDED_AVAILABILITY = YES_AGGRESSIVE;
				CLANG_WARN_UNREACHABLE_CODE = YES;
				CLANG_WARN__DUPLICATE_METHOD_MATCH = YES;
				COPY_PHASE_STRIP = NO;
				DEBUG_INFORMATION_FORMAT = "dwarf-with-dsym";
				ENABLE_NS_ASSERTIONS = NO;
				ENABLE_STRICT_OBJC_MSGSEND = YES;
				GCC_C_LANGUAGE_STANDARD = gnu11;
				GCC_NO_COMMON_BLOCKS = YES;
				GCC_WARN_64_TO_32_BIT_CONVERSION = YES;
				GCC_WARN_ABOUT_RETURN_TYPE = YES_ERROR;
				GCC_WARN_UNDECLARED_SELECTOR = YES;
				GCC_WARN_UNINITIALIZED_AUTOS = YES_AGGRESSIVE;
				GCC_WARN_UNUSED_FUNCTION = YES;
				GCC_WARN_UNUSED_VARIABLE = YES;
				IPHONEOS_DEPLOYMENT_TARGET = 15.0;
				MTL_ENABLE_DEBUG_INFO = NO;
				MTL_FAST_MATH = YES;
				SDKROOT = iphoneos;
				SWIFT_COMPILATION_MODE = wholemodule;
				SWIFT_OPTIMIZATION_LEVEL = "-O";
				VALIDATE_PRODUCT = YES;
			};
			name = Release;
		};
		455C4A1527AB0F2600B261E8 /* Debug */ = {
			isa = XCBuildConfiguration;
			buildSettings = {
				ASSETCATALOG_COMPILER_APPICON_NAME = AppIcon;
				ASSETCATALOG_COMPILER_GLOBAL_ACCENT_COLOR_NAME = AccentColor;
				CODE_SIGN_STYLE = Automatic;
				CURRENT_PROJECT_VERSION = 1;
				GENERATE_INFOPLIST_FILE = YES;
				INFOPLIST_FILE = SelfSizingTableViewCells/Resources/Info.plist;
				INFOPLIST_KEY_UIApplicationSupportsIndirectInputEvents = YES;
				INFOPLIST_KEY_UILaunchStoryboardName = LaunchScreen;
				INFOPLIST_KEY_UIMainStoryboardFile = Main;
				INFOPLIST_KEY_UISupportedInterfaceOrientations_iPad = "UIInterfaceOrientationPortrait UIInterfaceOrientationPortraitUpsideDown UIInterfaceOrientationLandscapeLeft UIInterfaceOrientationLandscapeRight";
				INFOPLIST_KEY_UISupportedInterfaceOrientations_iPhone = "UIInterfaceOrientationPortrait UIInterfaceOrientationLandscapeLeft UIInterfaceOrientationLandscapeRight";
				LD_RUNPATH_SEARCH_PATHS = (
					"$(inherited)",
					"@executable_path/Frameworks",
				);
				MARKETING_VERSION = 1.0;
				PRODUCT_BUNDLE_IDENTIFIER = com.borisbolsh.SelfSizingTableViewCells;
				PRODUCT_NAME = "$(TARGET_NAME)";
				SWIFT_EMIT_LOC_STRINGS = YES;
				SWIFT_VERSION = 5.0;
				TARGETED_DEVICE_FAMILY = 1;
			};
			name = Debug;
		};
		455C4A1627AB0F2600B261E8 /* Release */ = {
			isa = XCBuildConfiguration;
			buildSettings = {
				ASSETCATALOG_COMPILER_APPICON_NAME = AppIcon;
				ASSETCATALOG_COMPILER_GLOBAL_ACCENT_COLOR_NAME = AccentColor;
				CODE_SIGN_STYLE = Automatic;
				CURRENT_PROJECT_VERSION = 1;
				GENERATE_INFOPLIST_FILE = YES;
				INFOPLIST_FILE = SelfSizingTableViewCells/Resources/Info.plist;
				INFOPLIST_KEY_UIApplicationSupportsIndirectInputEvents = YES;
				INFOPLIST_KEY_UILaunchStoryboardName = LaunchScreen;
				INFOPLIST_KEY_UIMainStoryboardFile = Main;
				INFOPLIST_KEY_UISupportedInterfaceOrientations_iPad = "UIInterfaceOrientationPortrait UIInterfaceOrientationPortraitUpsideDown UIInterfaceOrientationLandscapeLeft UIInterfaceOrientationLandscapeRight";
				INFOPLIST_KEY_UISupportedInterfaceOrientations_iPhone = "UIInterfaceOrientationPortrait UIInterfaceOrientationLandscapeLeft UIInterfaceOrientationLandscapeRight";
				LD_RUNPATH_SEARCH_PATHS = (
					"$(inherited)",
					"@executable_path/Frameworks",
				);
				MARKETING_VERSION = 1.0;
				PRODUCT_BUNDLE_IDENTIFIER = com.borisbolsh.SelfSizingTableViewCells;
				PRODUCT_NAME = "$(TARGET_NAME)";
				SWIFT_EMIT_LOC_STRINGS = YES;
				SWIFT_VERSION = 5.0;
				TARGETED_DEVICE_FAMILY = 1;
			};
			name = Release;
		};
/* End XCBuildConfiguration section */

/* Begin XCConfigurationList section */
		455C49FB27AB0F2500B261E8 /* Build configuration list for PBXProject "SelfSizingTableViewCells" */ = {
			isa = XCConfigurationList;
			buildConfigurations = (
				455C4A1227AB0F2600B261E8 /* Debug */,
				455C4A1327AB0F2600B261E8 /* Release */,
			);
			defaultConfigurationIsVisible = 0;
			defaultConfigurationName = Release;
		};
		455C4A1427AB0F2600B261E8 /* Build configuration list for PBXNativeTarget "SelfSizingTableViewCells" */ = {
			isa = XCConfigurationList;
			buildConfigurations = (
				455C4A1527AB0F2600B261E8 /* Debug */,
				455C4A1627AB0F2600B261E8 /* Release */,
			);
			defaultConfigurationIsVisible = 0;
			defaultConfigurationName = Release;
		};
/* End XCConfigurationList section */
	};
	rootObject = 455C49F827AB0F2500B261E8 /* Project object */;
}
